// !$*UTF8*$!
{
	archiveVersion = 1;
	classes = {
	};
	objectVersion = 46;
	objects = {

/* Begin PBXBuildFile section */
		2017D84A179541D5003659DD /* UIKit.framework in Frameworks */ = {isa = PBXBuildFile; fileRef = 2017D849179541D5003659DD /* UIKit.framework */; };
		2017D84C179541D5003659DD /* Foundation.framework in Frameworks */ = {isa = PBXBuildFile; fileRef = 2017D84B179541D5003659DD /* Foundation.framework */; };
		2017D84E179541D5003659DD /* CoreGraphics.framework in Frameworks */ = {isa = PBXBuildFile; fileRef = 2017D84D179541D5003659DD /* CoreGraphics.framework */; };
		2017D854179541D5003659DD /* InfoPlist.strings in Resources */ = {isa = PBXBuildFile; fileRef = 2017D852179541D5003659DD /* InfoPlist.strings */; };
		2017D856179541D5003659DD /* main.m in Sources */ = {isa = PBXBuildFile; fileRef = 2017D855179541D5003659DD /* main.m */; };
		2017D85A179541D5003659DD /* AppDelegate.m in Sources */ = {isa = PBXBuildFile; fileRef = 2017D859179541D5003659DD /* AppDelegate.m */; };
		2017D85C179541D5003659DD /* Default.png in Resources */ = {isa = PBXBuildFile; fileRef = 2017D85B179541D5003659DD /* Default.png */; };
		2017D85E179541D5003659DD /* Default@2x.png in Resources */ = {isa = PBXBuildFile; fileRef = 2017D85D179541D5003659DD /* Default@2x.png */; };
		2017D860179541D5003659DD /* Default-568h@2x.png in Resources */ = {isa = PBXBuildFile; fileRef = 2017D85F179541D5003659DD /* Default-568h@2x.png */; };
		2017D8741795428A003659DD /* ViewController.m in Sources */ = {isa = PBXBuildFile; fileRef = 2017D86F1795428A003659DD /* ViewController.m */; };
		2017D8751795428A003659DD /* ViewController.xib in Resources */ = {isa = PBXBuildFile; fileRef = 2017D8701795428A003659DD /* ViewController.xib */; };
/* End PBXBuildFile section */

/* Begin PBXFileReference section */
		2017D846179541D5003659DD /* MOPCON.app */ = {isa = PBXFileReference; explicitFileType = wrapper.application; includeInIndex = 0; path = MOPCON.app; sourceTree = BUILT_PRODUCTS_DIR; };
		2017D849179541D5003659DD /* UIKit.framework */ = {isa = PBXFileReference; lastKnownFileType = wrapper.framework; name = UIKit.framework; path = System/Library/Frameworks/UIKit.framework; sourceTree = SDKROOT; };
		2017D84B179541D5003659DD /* Foundation.framework */ = {isa = PBXFileReference; lastKnownFileType = wrapper.framework; name = Foundation.framework; path = System/Library/Frameworks/Foundation.framework; sourceTree = SDKROOT; };
		2017D84D179541D5003659DD /* CoreGraphics.framework */ = {isa = PBXFileReference; lastKnownFileType = wrapper.framework; name = CoreGraphics.framework; path = System/Library/Frameworks/CoreGraphics.framework; sourceTree = SDKROOT; };
		2017D851179541D5003659DD /* MOPCON-Info.plist */ = {isa = PBXFileReference; lastKnownFileType = text.plist.xml; path = "MOPCON-Info.plist"; sourceTree = "<group>"; };
		2017D853179541D5003659DD /* en */ = {isa = PBXFileReference; lastKnownFileType = text.plist.strings; name = en; path = en.lproj/InfoPlist.strings; sourceTree = "<group>"; };
		2017D855179541D5003659DD /* main.m */ = {isa = PBXFileReference; lastKnownFileType = sourcecode.c.objc; path = main.m; sourceTree = "<group>"; };
		2017D857179541D5003659DD /* MOPCON-Prefix.pch */ = {isa = PBXFileReference; lastKnownFileType = sourcecode.c.h; path = "MOPCON-Prefix.pch"; sourceTree = "<group>"; };
		2017D858179541D5003659DD /* AppDelegate.h */ = {isa = PBXFileReference; lastKnownFileType = sourcecode.c.h; path = AppDelegate.h; sourceTree = "<group>"; };
		2017D859179541D5003659DD /* AppDelegate.m */ = {isa = PBXFileReference; lastKnownFileType = sourcecode.c.objc; path = AppDelegate.m; sourceTree = "<group>"; };
		2017D85B179541D5003659DD /* Default.png */ = {isa = PBXFileReference; lastKnownFileType = image.png; path = Default.png; sourceTree = "<group>"; };
		2017D85D179541D5003659DD /* Default@2x.png */ = {isa = PBXFileReference; lastKnownFileType = image.png; path = "Default@2x.png"; sourceTree = "<group>"; };
		2017D85F179541D5003659DD /* Default-568h@2x.png */ = {isa = PBXFileReference; lastKnownFileType = image.png; path = "Default-568h@2x.png"; sourceTree = "<group>"; };
		2017D86E1795428A003659DD /* ViewController.h */ = {isa = PBXFileReference; fileEncoding = 4; lastKnownFileType = sourcecode.c.h; path = ViewController.h; sourceTree = "<group>"; };
		2017D86F1795428A003659DD /* ViewController.m */ = {isa = PBXFileReference; fileEncoding = 4; lastKnownFileType = sourcecode.c.objc; path = ViewController.m; sourceTree = "<group>"; };
		2017D8701795428A003659DD /* ViewController.xib */ = {isa = PBXFileReference; fileEncoding = 4; lastKnownFileType = file.xib; path = ViewController.xib; sourceTree = "<group>"; };
/* End PBXFileReference section */

/* Begin PBXFrameworksBuildPhase section */
		2017D843179541D5003659DD /* Frameworks */ = {
			isa = PBXFrameworksBuildPhase;
			buildActionMask = 2147483647;
			files = (
				2017D84A179541D5003659DD /* UIKit.framework in Frameworks */,
				2017D84C179541D5003659DD /* Foundation.framework in Frameworks */,
				2017D84E179541D5003659DD /* CoreGraphics.framework in Frameworks */,
			);
			runOnlyForDeploymentPostprocessing = 0;
		};
/* End PBXFrameworksBuildPhase section */

/* Begin PBXGroup section */
		2017D83D179541D5003659DD = {
			isa = PBXGroup;
			children = (
				2017D86C1795428A003659DD /* Class */,
				2017D84F179541D5003659DD /* MOPCON */,
				2017D848179541D5003659DD /* Frameworks */,
				2017D847179541D5003659DD /* Products */,
			);
			sourceTree = "<group>";
		};
		2017D847179541D5003659DD /* Products */ = {
			isa = PBXGroup;
			children = (
				2017D846179541D5003659DD /* MOPCON.app */,
			);
			name = Products;
			sourceTree = "<group>";
		};
		2017D848179541D5003659DD /* Frameworks */ = {
			isa = PBXGroup;
			children = (
				2017D849179541D5003659DD /* UIKit.framework */,
				2017D84B179541D5003659DD /* Foundation.framework */,
				2017D84D179541D5003659DD /* CoreGraphics.framework */,
			);
			name = Frameworks;
			sourceTree = "<group>";
		};
		2017D84F179541D5003659DD /* MOPCON */ = {
			isa = PBXGroup;
			children = (
				2017D858179541D5003659DD /* AppDelegate.h */,
				2017D859179541D5003659DD /* AppDelegate.m */,
				2017D850179541D5003659DD /* Supporting Files */,
			);
			path = MOPCON;
			sourceTree = "<group>";
		};
		2017D850179541D5003659DD /* Supporting Files */ = {
			isa = PBXGroup;
			children = (
				2017D851179541D5003659DD /* MOPCON-Info.plist */,
				2017D852179541D5003659DD /* InfoPlist.strings */,
				2017D855179541D5003659DD /* main.m */,
				2017D857179541D5003659DD /* MOPCON-Prefix.pch */,
				2017D85B179541D5003659DD /* Default.png */,
				2017D85D179541D5003659DD /* Default@2x.png */,
				2017D85F179541D5003659DD /* Default-568h@2x.png */,
			);
			name = "Supporting Files";
			sourceTree = "<group>";
		};
		2017D86C1795428A003659DD /* Class */ = {
			isa = PBXGroup;
			children = (
				2017D86D1795428A003659DD /* Controller */,
				2017D8711795428A003659DD /* Model */,
				2017D8721795428A003659DD /* Util */,
				2017D8731795428A003659DD /* View */,
			);
			name = Class;
			path = MOPCON/Class;
			sourceTree = "<group>";
		};
		2017D86D1795428A003659DD /* Controller */ = {
			isa = PBXGroup;
			children = (
				2017D86E1795428A003659DD /* ViewController.h */,
				2017D86F1795428A003659DD /* ViewController.m */,
				2017D8701795428A003659DD /* ViewController.xib */,
			);
			path = Controller;
			sourceTree = "<group>";
		};
		2017D8711795428A003659DD /* Model */ = {
			isa = PBXGroup;
			children = (
			);
			path = Model;
			sourceTree = "<group>";
		};
		2017D8721795428A003659DD /* Util */ = {
			isa = PBXGroup;
			children = (
			);
			path = Util;
			sourceTree = "<group>";
		};
		2017D8731795428A003659DD /* View */ = {
			isa = PBXGroup;
			children = (
			);
			path = View;
			sourceTree = "<group>";
		};
/* End PBXGroup section */

/* Begin PBXNativeTarget section */
		2017D845179541D5003659DD /* MOPCON */ = {
			isa = PBXNativeTarget;
			buildConfigurationList = 2017D869179541D5003659DD /* Build configuration list for PBXNativeTarget "MOPCON" */;
			buildPhases = (
				2017D842179541D5003659DD /* Sources */,
				2017D843179541D5003659DD /* Frameworks */,
				2017D844179541D5003659DD /* Resources */,
			);
			buildRules = (
			);
			dependencies = (
			);
			name = MOPCON;
			productName = MOPCON;
			productReference = 2017D846179541D5003659DD /* MOPCON.app */;
			productType = "com.apple.product-type.application";
		};
/* End PBXNativeTarget section */

/* Begin PBXProject section */
		2017D83E179541D5003659DD /* Project object */ = {
			isa = PBXProject;
			attributes = {
				LastUpgradeCheck = 0460;
				ORGANIZATIONNAME = "Evan Wu";
			};
			buildConfigurationList = 2017D841179541D5003659DD /* Build configuration list for PBXProject "MOPCON" */;
			compatibilityVersion = "Xcode 3.2";
			developmentRegion = English;
			hasScannedForEncodings = 0;
			knownRegions = (
				en,
			);
			mainGroup = 2017D83D179541D5003659DD;
			productRefGroup = 2017D847179541D5003659DD /* Products */;
			projectDirPath = "";
			projectRoot = "";
			targets = (
				2017D845179541D5003659DD /* MOPCON */,
			);
		};
/* End PBXProject section */

/* Begin PBXResourcesBuildPhase section */
		2017D844179541D5003659DD /* Resources */ = {
			isa = PBXResourcesBuildPhase;
			buildActionMask = 2147483647;
			files = (
				2017D854179541D5003659DD /* InfoPlist.strings in Resources */,
				2017D85C179541D5003659DD /* Default.png in Resources */,
				2017D85E179541D5003659DD /* Default@2x.png in Resources */,
				2017D860179541D5003659DD /* Default-568h@2x.png in Resources */,
				2017D8751795428A003659DD /* ViewController.xib in Resources */,
			);
			runOnlyForDeploymentPostprocessing = 0;
		};
/* End PBXResourcesBuildPhase section */

/* Begin PBXSourcesBuildPhase section */
		2017D842179541D5003659DD /* Sources */ = {
			isa = PBXSourcesBuildPhase;
			buildActionMask = 2147483647;
			files = (
				2017D856179541D5003659DD /* main.m in Sources */,
				2017D85A179541D5003659DD /* AppDelegate.m in Sources */,
				2017D8741795428A003659DD /* ViewController.m in Sources */,
			);
			runOnlyForDeploymentPostprocessing = 0;
		};
/* End PBXSourcesBuildPhase section */

/* Begin PBXVariantGroup section */
		2017D852179541D5003659DD /* InfoPlist.strings */ = {
			isa = PBXVariantGroup;
			children = (
				2017D853179541D5003659DD /* en */,
			);
			name = InfoPlist.strings;
			sourceTree = "<group>";
		};
/* End PBXVariantGroup section */

/* Begin XCBuildConfiguration section */
		2017D867179541D5003659DD /* Debug */ = {
			isa = XCBuildConfiguration;
			buildSettings = {
				ALWAYS_SEARCH_USER_PATHS = NO;
				CLANG_CXX_LANGUAGE_STANDARD = "gnu++0x";
				CLANG_CXX_LIBRARY = "libc++";
				CLANG_ENABLE_OBJC_ARC = YES;
				CLANG_WARN_CONSTANT_CONVERSION = YES;
				CLANG_WARN_EMPTY_BODY = YES;
				CLANG_WARN_ENUM_CONVERSION = YES;
				CLANG_WARN_INT_CONVERSION = YES;
				CLANG_WARN__DUPLICATE_METHOD_MATCH = YES;
				"CODE_SIGN_IDENTITY[sdk=iphoneos*]" = "iPhone Developer";
				COPY_PHASE_STRIP = NO;
				GCC_C_LANGUAGE_STANDARD = gnu99;
				GCC_DYNAMIC_NO_PIC = NO;
				GCC_OPTIMIZATION_LEVEL = 0;
				GCC_PREPROCESSOR_DEFINITIONS = (
					"DEBUG=1",
					"$(inherited)",
				);
				GCC_SYMBOLS_PRIVATE_EXTERN = NO;
				GCC_WARN_ABOUT_RETURN_TYPE = YES;
				GCC_WARN_UNINITIALIZED_AUTOS = YES;
				GCC_WARN_UNUSED_VARIABLE = YES;
				IPHONEOS_DEPLOYMENT_TARGET = 6.1;
				ONLY_ACTIVE_ARCH = YES;
				SDKROOT = iphoneos;
			};
			name = Debug;
		};
		2017D868179541D5003659DD /* Release */ = {
			isa = XCBuildConfiguration;
			buildSettings = {
				ALWAYS_SEARCH_USER_PATHS = NO;
				CLANG_CXX_LANGUAGE_STANDARD = "gnu++0x";
				CLANG_CXX_LIBRARY = "libc++";
				CLANG_ENABLE_OBJC_ARC = YES;
				CLANG_WARN_CONSTANT_CONVERSION = YES;
				CLANG_WARN_EMPTY_BODY = YES;
				CLANG_WARN_ENUM_CONVERSION = YES;
				CLANG_WARN_INT_CONVERSION = YES;
				CLANG_WARN__DUPLICATE_METHOD_MATCH = YES;
				"CODE_SIGN_IDENTITY[sdk=iphoneos*]" = "iPhone Developer";
				COPY_PHASE_STRIP = YES;
				GCC_C_LANGUAGE_STANDARD = gnu99;
				GCC_WARN_ABOUT_RETURN_TYPE = YES;
				GCC_WARN_UNINITIALIZED_AUTOS = YES;
				GCC_WARN_UNUSED_VARIABLE = YES;
				IPHONEOS_DEPLOYMENT_TARGET = 6.1;
				OTHER_CFLAGS = "-DNS_BLOCK_ASSERTIONS=1";
				SDKROOT = iphoneos;
				VALIDATE_PRODUCT = YES;
			};
			name = Release;
		};
		2017D86A179541D5003659DD /* Debug */ = {
			isa = XCBuildConfiguration;
			buildSettings = {
				GCC_PRECOMPILE_PREFIX_HEADER = YES;
				GCC_PREFIX_HEADER = "MOPCON/MOPCON-Prefix.pch";
				INFOPLIST_FILE = "MOPCON/MOPCON-Info.plist";
				PRODUCT_NAME = "$(TARGET_NAME)";
				WRAPPER_EXTENSION = app;
			};
			name = Debug;
		};
		2017D86B179541D5003659DD /* Release */ = {
			isa = XCBuildConfiguration;
			buildSettings = {
				GCC_PRECOMPILE_PREFIX_HEADER = YES;
				GCC_PREFIX_HEADER = "MOPCON/MOPCON-Prefix.pch";
				INFOPLIST_FILE = "MOPCON/MOPCON-Info.plist";
				PRODUCT_NAME = "$(TARGET_NAME)";
				WRAPPER_EXTENSION = app;
			};
			name = Release;
		};
/* End XCBuildConfiguration section */

/* Begin XCConfigurationList section */
		2017D841179541D5003659DD /* Build configuration list for PBXProject "MOPCON" */ = {
			isa = XCConfigurationList;
			buildConfigurations = (
				2017D867179541D5003659DD /* Debug */,
				2017D868179541D5003659DD /* Release */,
			);
			defaultConfigurationIsVisible = 0;
			defaultConfigurationName = Release;
		};
		2017D869179541D5003659DD /* Build configuration list for PBXNativeTarget "MOPCON" */ = {
			isa = XCConfigurationList;
			buildConfigurations = (
				2017D86A179541D5003659DD /* Debug */,
				2017D86B179541D5003659DD /* Release */,
			);
			defaultConfigurationIsVisible = 0;
			defaultConfigurationName = Release;
		};
/* End XCConfigurationList section */
	};
	rootObject = 2017D83E179541D5003659DD /* Project object */;
}
